Microsoft Visual Studio Solution File, Format Version 12.00
# Visual Studio Version 18
VisualStudioVersion = 18.3.11520.95 d18.3
MinimumVisualStudioVersion = 10.0.40219.1
Project("{FAE04EC0-301F-11D3-BF4B-00C04F79EFBC}") = "Products", "Products\Products.csproj", "{79C5DF53-4ABF-459E-889D-54FCE38258E0}"
EndProject
Project("{FAE04EC0-301F-11D3-BF4B-00C04F79EFBC}") = "Customers", "Customers\Customers.csproj", "{E6A50D30-E72F-4435-8960-6F8B4C7551AB}"
EndProject
Project("{FAE04EC0-301F-11D3-BF4B-00C04F79EFBC}") = "Sales", "Sales\Sales.csproj", "{AC01BF10-F3CC-428C-A4D7-6E72C150C31F}"
EndProject
Project("{FAE04EC0-301F-11D3-BF4B-00C04F79EFBC}") = "Search", "Search\Search.csproj", "{5D7FF817-F224-4F20-8FBC-1E42C59C5924}"
EndProject
Global
	GlobalSection(SolutionConfigurationPlatforms) = preSolution
		Debug|Any CPU = Debug|Any CPU
		Release|Any CPU = Release|Any CPU
	EndGlobalSection
	GlobalSection(ProjectConfigurationPlatforms) = postSolution
		{79C5DF53-4ABF-459E-889D-54FCE38258E0}.Debug|Any CPU.ActiveCfg = Debug|Any CPU
		{79C5DF53-4ABF-459E-889D-54FCE38258E0}.Debug|Any CPU.Build.0 = Debug|Any CPU
		{79C5DF53-4ABF-459E-889D-54FCE38258E0}.Release|Any CPU.ActiveCfg = Release|Any CPU
		{79C5DF53-4ABF-459E-889D-54FCE38258E0}.Release|Any CPU.Build.0 = Release|Any CPU
		{E6A50D30-E72F-4435-8960-6F8B4C7551AB}.Debug|Any CPU.ActiveCfg = Debug|Any CPU
		{E6A50D30-E72F-4435-8960-6F8B4C7551AB}.Debug|Any CPU.Build.0 = Debug|Any CPU
		{E6A50D30-E72F-4435-8960-6F8B4C7551AB}.Release|Any CPU.ActiveCfg = Release|Any CPU
		{E6A50D30-E72F-4435-8960-6F8B4C7551AB}.Release|Any CPU.Build.0 = Release|Any CPU
		{AC01BF10-F3CC-428C-A4D7-6E72C150C31F}.Debug|Any CPU.ActiveCfg = Debug|Any CPU
		{AC01BF10-F3CC-428C-A4D7-6E72C150C31F}.Debug|Any CPU.Build.0 = Debug|Any CPU
		{AC01BF10-F3CC-428C-A4D7-6E72C150C31F}.Release|Any CPU.ActiveCfg = Release|Any CPU
		{AC01BF10-F3CC-428C-A4D7-6E72C150C31F}.Release|Any CPU.Build.0 = Release|Any CPU
		{5D7FF817-F224-4F20-8FBC-1E42C59C5924}.Debug|Any CPU.ActiveCfg = Debug|Any CPU
		{5D7FF817-F224-4F20-8FBC-1E42C59C5924}.Debug|Any CPU.Build.0 = Debug|Any CPU
		{5D7FF817-F224-4F20-8FBC-1E42C59C5924}.Release|Any CPU.ActiveCfg = Release|Any CPU
		{5D7FF817-F224-4F20-8FBC-1E42C59C5924}.Release|Any CPU.Build.0 = Release|Any CPU
	EndGlobalSection
	GlobalSection(SolutionProperties) = preSolution
		HideSolutionNode = FALSE
	EndGlobalSection
EndGlobal
